
Microsoft Visual Studio Solution File, Format Version 12.00
# Visual Studio Version 17
VisualStudioVersion = 17.8.34330.188
MinimumVisualStudioVersion = 10.0.40219.1
Project("{9A19103F-16F7-4668-BE54-9A1E7A4F7556}") = "SkiaCarForms", "SkiaCarForms.csproj", "{59531D15-547A-4A92-9FBB-D5CE1C73D0D8}"
EndProject
Project("{2150E333-8FDC-42A3-9474-1A3956D46DE8}") = "Elementos de la solución", "Elementos de la solución", "{5AF6EC78-14FF-40E3-A71F-5FA4CA7C3B18}"
EndProject
Global
	GlobalSection(SolutionConfigurationPlatforms) = preSolution
		Debug|Any CPU = Debug|Any CPU
		Debug|x64 = Debug|x64
		Release|Any CPU = Release|Any CPU
		Release|x64 = Release|x64
	EndGlobalSection
	GlobalSection(ProjectConfigurationPlatforms) = postSolution
		{59531D15-547A-4A92-9FBB-D5CE1C73D0D8}.Debug|Any CPU.ActiveCfg = Debug|Any CPU
		{59531D15-547A-4A92-9FBB-D5CE1C73D0D8}.Debug|Any CPU.Build.0 = Debug|Any CPU
		{59531D15-547A-4A92-9FBB-D5CE1C73D0D8}.Debug|x64.ActiveCfg = Debug|x64
		{59531D15-547A-4A92-9FBB-D5CE1C73D0D8}.Debug|x64.Build.0 = Debug|x64
		{59531D15-547A-4A92-9FBB-D5CE1C73D0D8}.Release|Any CPU.ActiveCfg = Release|Any CPU
		{59531D15-547A-4A92-9FBB-D5CE1C73D0D8}.Release|Any CPU.Build.0 = Release|Any CPU
		{59531D15-547A-4A92-9FBB-D5CE1C73D0D8}.Release|x64.ActiveCfg = Release|x64
		{59531D15-547A-4A92-9FBB-D5CE1C73D0D8}.Release|x64.Build.0 = Release|x64
	EndGlobalSection
	GlobalSection(SolutionProperties) = preSolution
		HideSolutionNode = FALSE
	EndGlobalSection
	GlobalSection(ExtensibilityGlobals) = postSolution
		SolutionGuid = {C754D74C-CCC0-452A-A252-CDCB9116BF1F}
	EndGlobalSection
EndGlobal
